
Microsoft Visual Studio Solution File, Format Version 12.00
# Visual Studio Version 17
VisualStudioVersion = 17.5.002.0
MinimumVisualStudioVersion = 10.0.40219.1
Project("{9A19103F-16F7-4668-BE54-9A1E7A4F7556}") = "c-sharp-cells", "c-sharp-cells.csproj", "{1B9EEB76-3140-49E2-AB6C-20C2C1E2C7D9}"
EndProject
Global
	GlobalSection(SolutionConfigurationPlatforms) = preSolution
		Debug|Any CPU = Debug|Any CPU
		Release|Any CPU = Release|Any CPU
	EndGlobalSection
	GlobalSection(ProjectConfigurationPlatforms) = postSolution
		{1B9EEB76-3140-49E2-AB6C-20C2C1E2C7D9}.Debug|Any CPU.ActiveCfg = Debug|Any CPU
		{1B9EEB76-3140-49E2-AB6C-20C2C1E2C7D9}.Debug|Any CPU.Build.0 = Debug|Any CPU
		{1B9EEB76-3140-49E2-AB6C-20C2C1E2C7D9}.Release|Any CPU.ActiveCfg = Release|Any CPU
		{1B9EEB76-3140-49E2-AB6C-20C2C1E2C7D9}.Release|Any CPU.Build.0 = Release|Any CPU
	EndGlobalSection
	GlobalSection(SolutionProperties) = preSolution
		HideSolutionNode = FALSE
	EndGlobalSection
	GlobalSection(ExtensibilityGlobals) = postSolution
		SolutionGuid = {9DB48830-E901-4C05-826D-D02CB5E70EB4}
	EndGlobalSection
EndGlobal
